<?xml version="1.0" encoding="utf-8"?>
<Project ToolsVersion="4.0" xmlns="http://schemas.microsoft.com/developer/msbuild/2003">
  <ItemGroup>
    <ClCompile Include="win_app.cpp" />
    <ClCompile Include="glad\src\gl.c">
      <Filter>glad\src</Filter>
    </ClCompile>
    <ClCompile Include="glad\src\wgl.c">
      <Filter>glad\src</Filter>
    </ClCompile>
  </ItemGroup>
  <ItemGroup>
    <ClInclude Include="win_app.h" />
    <ClInclude Include="glad\include\glad\gl.h">
      <Filter>glad\include\glad</Filter>
    </ClInclude>
    <ClInclude Include="glad\include\glad\wgl.h">
      <Filter>glad\include\glad</Filter>
    </ClInclude>
    <ClInclude Include="glad\include\KHR\khrplatform.h">
      <Filter>glad\include\KHR</Filter>
    </ClInclude>
  </ItemGroup>
  <ItemGroup>
    <Filter Include="glad">
      <UniqueIdentifier>{e00bf24b-1857-409d-bf42-4428d3dfa14b}</UniqueIdentifier>
    </Filter>
    <Filter Include="glad\include">
      <UniqueIdentifier>{54c26592-81a4-4efb-9cb5-062108e68dcc}</UniqueIdentifier>
    </Filter>
    <Filter Include="glad\include\glad">
      <UniqueIdentifier>{4a6edd75-230a-48a8-86ee-ce02c9d28251}</UniqueIdentifier>
    </Filter>
    <Filter Include="glad\include\KHR">
      <UniqueIdentifier>{277d8f7b-d0b1-44b4-ae05-2b884847246b}</UniqueIdentifier>
    </Filter>
    <Filter Include="glad\src">
      <UniqueIdentifier>{a15b0d97-0cea-4992-9a9b-a6e3c4561726}</UniqueIdentifier>
    </Filter>
  </ItemGroup>
</Project>